
Microsoft Visual Studio Solution File, Format Version 12.00
# Visual Studio 2012
Project("{FAE04EC0-301F-11D3-BF4B-00C04F79EFBC}") = "PLCSimConnector", "PLCSimConnector\PLCSimConnector.csproj", "{DD8E8455-5B84-49E3-89A6-ED417B5C309D}"
EndProject
Project("{FAE04EC0-301F-11D3-BF4B-00C04F79EFBC}") = "PLCSimSandbox", "PLCSimSandbox\PLCSimSandbox.csproj", "{7B6E6937-8B67-45B5-B9DF-89C6AE047E19}"
EndProject
Project("{2150E333-8FDC-42A3-9474-1A3956D46DE8}") = "Solution Items", "Solution Items", "{AE07B3EE-DD79-4E18-88A7-1B4DADE31109}"
	ProjectSection(SolutionItems) = preProject
		Local.testsettings = Local.testsettings
		PLCSimConnector.vsmdi = PLCSimConnector.vsmdi
		TraceAndTestImpact.testsettings = TraceAndTestImpact.testsettings
	EndProjectSection
EndProject
Project("{FAE04EC0-301F-11D3-BF4B-00C04F79EFBC}") = "DotNetSiemensPLCToolBoxLibrary", "H:\Open Source\DotNetSiemensPLCToolBoxLibrary\LibNoDaveConnectionLibrary\DotNetSiemensPLCToolBoxLibrary.csproj", "{E3ED87E8-B550-46AC-9196-9688D30EFD29}"
EndProject
Project("{FAE04EC0-301F-11D3-BF4B-00C04F79EFBC}") = "PLCSimConnectorTest", "TestProject1\PLCSimConnectorTest.csproj", "{B3455801-0AA4-40AF-BB46-0F4080B03037}"
EndProject
Global
	GlobalSection(TestCaseManagementSettings) = postSolution
		CategoryFile = PLCSimConnector.vsmdi
	EndGlobalSection
	GlobalSection(SolutionConfigurationPlatforms) = preSolution
		Debug|Any CPU = Debug|Any CPU
		Debug|Mixed Platforms = Debug|Mixed Platforms
		Debug|x64 = Debug|x64
		Debug|x86 = Debug|x86
		Release|Any CPU = Release|Any CPU
		Release|Mixed Platforms = Release|Mixed Platforms
		Release|x64 = Release|x64
		Release|x86 = Release|x86
	EndGlobalSection
	GlobalSection(ProjectConfigurationPlatforms) = postSolution
		{DD8E8455-5B84-49E3-89A6-ED417B5C309D}.Debug|Any CPU.ActiveCfg = Debug|Any CPU
		{DD8E8455-5B84-49E3-89A6-ED417B5C309D}.Debug|Any CPU.Build.0 = Debug|Any CPU
		{DD8E8455-5B84-49E3-89A6-ED417B5C309D}.Debug|Mixed Platforms.ActiveCfg = Debug|Any CPU
		{DD8E8455-5B84-49E3-89A6-ED417B5C309D}.Debug|Mixed Platforms.Build.0 = Debug|Any CPU
		{DD8E8455-5B84-49E3-89A6-ED417B5C309D}.Debug|x64.ActiveCfg = Debug|x64
		{DD8E8455-5B84-49E3-89A6-ED417B5C309D}.Debug|x64.Build.0 = Debug|x64
		{DD8E8455-5B84-49E3-89A6-ED417B5C309D}.Debug|x86.ActiveCfg = Debug|Any CPU
		{DD8E8455-5B84-49E3-89A6-ED417B5C309D}.Debug|x86.Build.0 = Debug|Any CPU
		{DD8E8455-5B84-49E3-89A6-ED417B5C309D}.Release|Any CPU.ActiveCfg = Release|Any CPU
		{DD8E8455-5B84-49E3-89A6-ED417B5C309D}.Release|Any CPU.Build.0 = Release|Any CPU
		{DD8E8455-5B84-49E3-89A6-ED417B5C309D}.Release|Mixed Platforms.ActiveCfg = Release|Any CPU
		{DD8E8455-5B84-49E3-89A6-ED417B5C309D}.Release|Mixed Platforms.Build.0 = Release|Any CPU
		{DD8E8455-5B84-49E3-89A6-ED417B5C309D}.Release|x64.ActiveCfg = Release|x64
		{DD8E8455-5B84-49E3-89A6-ED417B5C309D}.Release|x64.Build.0 = Release|x64
		{DD8E8455-5B84-49E3-89A6-ED417B5C309D}.Release|x86.ActiveCfg = Release|Any CPU
		{7B6E6937-8B67-45B5-B9DF-89C6AE047E19}.Debug|Any CPU.ActiveCfg = Debug|x86
		{7B6E6937-8B67-45B5-B9DF-89C6AE047E19}.Debug|Any CPU.Build.0 = Debug|x86
		{7B6E6937-8B67-45B5-B9DF-89C6AE047E19}.Debug|Mixed Platforms.ActiveCfg = Debug|x86
		{7B6E6937-8B67-45B5-B9DF-89C6AE047E19}.Debug|Mixed Platforms.Build.0 = Debug|x86
		{7B6E6937-8B67-45B5-B9DF-89C6AE047E19}.Debug|x64.ActiveCfg = Debug|x64
		{7B6E6937-8B67-45B5-B9DF-89C6AE047E19}.Debug|x64.Build.0 = Debug|x64
		{7B6E6937-8B67-45B5-B9DF-89C6AE047E19}.Debug|x86.ActiveCfg = Debug|Any CPU
		{7B6E6937-8B67-45B5-B9DF-89C6AE047E19}.Debug|x86.Build.0 = Debug|Any CPU
		{7B6E6937-8B67-45B5-B9DF-89C6AE047E19}.Release|Any CPU.ActiveCfg = Release|x86
		{7B6E6937-8B67-45B5-B9DF-89C6AE047E19}.Release|Mixed Platforms.ActiveCfg = Release|x86
		{7B6E6937-8B67-45B5-B9DF-89C6AE047E19}.Release|Mixed Platforms.Build.0 = Release|x86
		{7B6E6937-8B67-45B5-B9DF-89C6AE047E19}.Release|x64.ActiveCfg = Release|x86
		{7B6E6937-8B67-45B5-B9DF-89C6AE047E19}.Release|x86.ActiveCfg = Release|x86
		{7B6E6937-8B67-45B5-B9DF-89C6AE047E19}.Release|x86.Build.0 = Release|x86
		{E3ED87E8-B550-46AC-9196-9688D30EFD29}.Debug|Any CPU.ActiveCfg = Debug|Any CPU
		{E3ED87E8-B550-46AC-9196-9688D30EFD29}.Debug|Any CPU.Build.0 = Debug|Any CPU
		{E3ED87E8-B550-46AC-9196-9688D30EFD29}.Debug|Mixed Platforms.ActiveCfg = Debug|Any CPU
		{E3ED87E8-B550-46AC-9196-9688D30EFD29}.Debug|Mixed Platforms.Build.0 = Debug|Any CPU
		{E3ED87E8-B550-46AC-9196-9688D30EFD29}.Debug|x64.ActiveCfg = Debug|Any CPU
		{E3ED87E8-B550-46AC-9196-9688D30EFD29}.Debug|x86.ActiveCfg = Debug|Any CPU
		{E3ED87E8-B550-46AC-9196-9688D30EFD29}.Release|Any CPU.ActiveCfg = Release|Any CPU
		{E3ED87E8-B550-46AC-9196-9688D30EFD29}.Release|Any CPU.Build.0 = Release|Any CPU
		{E3ED87E8-B550-46AC-9196-9688D30EFD29}.Release|Mixed Platforms.ActiveCfg = Release|Any CPU
		{E3ED87E8-B550-46AC-9196-9688D30EFD29}.Release|Mixed Platforms.Build.0 = Release|Any CPU
		{E3ED87E8-B550-46AC-9196-9688D30EFD29}.Release|x64.ActiveCfg = Release|Any CPU
		{E3ED87E8-B550-46AC-9196-9688D30EFD29}.Release|x86.ActiveCfg = Release|Any CPU
		{B3455801-0AA4-40AF-BB46-0F4080B03037}.Debug|Any CPU.ActiveCfg = Debug|Any CPU
		{B3455801-0AA4-40AF-BB46-0F4080B03037}.Debug|Any CPU.Build.0 = Debug|Any CPU
		{B3455801-0AA4-40AF-BB46-0F4080B03037}.Debug|Mixed Platforms.ActiveCfg = Debug|Any CPU
		{B3455801-0AA4-40AF-BB46-0F4080B03037}.Debug|Mixed Platforms.Build.0 = Debug|Any CPU
		{B3455801-0AA4-40AF-BB46-0F4080B03037}.Debug|x64.ActiveCfg = Debug|x64
		{B3455801-0AA4-40AF-BB46-0F4080B03037}.Debug|x64.Build.0 = Debug|x64
		{B3455801-0AA4-40AF-BB46-0F4080B03037}.Debug|x86.ActiveCfg = Debug|Any CPU
		{B3455801-0AA4-40AF-BB46-0F4080B03037}.Release|Any CPU.ActiveCfg = Release|Any CPU
		{B3455801-0AA4-40AF-BB46-0F4080B03037}.Release|Any CPU.Build.0 = Release|Any CPU
		{B3455801-0AA4-40AF-BB46-0F4080B03037}.Release|Mixed Platforms.ActiveCfg = Release|Any CPU
		{B3455801-0AA4-40AF-BB46-0F4080B03037}.Release|Mixed Platforms.Build.0 = Release|Any CPU
		{B3455801-0AA4-40AF-BB46-0F4080B03037}.Release|x64.ActiveCfg = Release|x64
		{B3455801-0AA4-40AF-BB46-0F4080B03037}.Release|x64.Build.0 = Release|x64
		{B3455801-0AA4-40AF-BB46-0F4080B03037}.Release|x86.ActiveCfg = Release|Any CPU
	EndGlobalSection
	GlobalSection(SolutionProperties) = preSolution
		HideSolutionNode = FALSE
	EndGlobalSection
	GlobalSection(Performance) = preSolution
		HasPerformanceSessions = true
	EndGlobalSection
EndGlobal
